
Microsoft Visual Studio Solution File, Format Version 12.00
# Visual Studio Version 17
VisualStudioVersion = 17.11.35219.272
MinimumVisualStudioVersion = 10.0.40219.1
Project("{8BC9CEB8-8B4A-11D0-8D11-00A0C91BC942}") = "OOP", "OOP\OOP.vcxproj", "{2F2EC0B7-1EA4-45FD-BBD7-60DBAD9A7E5E}"
EndProject
Global
	GlobalSection(SolutionConfigurationPlatforms) = preSolution
		Debug|x64 = Debug|x64
		Debug|x86 = Debug|x86
		Release|x64 = Release|x64
		Release|x86 = Release|x86
	EndGlobalSection
	GlobalSection(ProjectConfigurationPlatforms) = postSolution
		{2F2EC0B7-1EA4-45FD-BBD7-60DBAD9A7E5E}.Debug|x64.ActiveCfg = Debug|x64
		{2F2EC0B7-1EA4-45FD-BBD7-60DBAD9A7E5E}.Debug|x64.Build.0 = Debug|x64
		{2F2EC0B7-1EA4-45FD-BBD7-60DBAD9A7E5E}.Debug|x86.ActiveCfg = Debug|Win32
		{2F2EC0B7-1EA4-45FD-BBD7-60DBAD9A7E5E}.Debug|x86.Build.0 = Debug|Win32
		{2F2EC0B7-1EA4-45FD-BBD7-60DBAD9A7E5E}.Release|x64.ActiveCfg = Release|x64
		{2F2EC0B7-1EA4-45FD-BBD7-60DBAD9A7E5E}.Release|x64.Build.0 = Release|x64
		{2F2EC0B7-1EA4-45FD-BBD7-60DBAD9A7E5E}.Release|x86.ActiveCfg = Release|Win32
		{2F2EC0B7-1EA4-45FD-BBD7-60DBAD9A7E5E}.Release|x86.Build.0 = Release|Win32
	EndGlobalSection
	GlobalSection(SolutionProperties) = preSolution
		HideSolutionNode = FALSE
	EndGlobalSection
	GlobalSection(ExtensibilityGlobals) = postSolution
		SolutionGuid = {D062A6D6-0C7A-4754-BFCC-472C5052C203}
	EndGlobalSection
EndGlobal
